
Microsoft Visual Studio Solution File, Format Version 12.00
# Visual Studio Version 16
VisualStudioVersion = 16.0.31402.337
MinimumVisualStudioVersion = 10.0.40219.1
Project("{9A19103F-16F7-4668-BE54-9A1E7A4F7556}") = "CWK2", "CWK2.csproj", "{D4C74611-2E12-4B11-9327-BC80DA3A53B0}"
EndProject
Project("{FAE04EC0-301F-11D3-BF4B-00C04F79EFBC}") = "UnitTest", "..\UnitTest\UnitTest.csproj", "{75632E90-BBA5-4B12-8F8B-FD9126121B26}"
EndProject
Global
	GlobalSection(SolutionConfigurationPlatforms) = preSolution
		Debug|Any CPU = Debug|Any CPU
		Release|Any CPU = Release|Any CPU
	EndGlobalSection
	GlobalSection(ProjectConfigurationPlatforms) = postSolution
		{D4C74611-2E12-4B11-9327-BC80DA3A53B0}.Debug|Any CPU.ActiveCfg = Debug|Any CPU
		{D4C74611-2E12-4B11-9327-BC80DA3A53B0}.Debug|Any CPU.Build.0 = Debug|Any CPU
		{D4C74611-2E12-4B11-9327-BC80DA3A53B0}.Release|Any CPU.ActiveCfg = Release|Any CPU
		{D4C74611-2E12-4B11-9327-BC80DA3A53B0}.Release|Any CPU.Build.0 = Release|Any CPU
		{75632E90-BBA5-4B12-8F8B-FD9126121B26}.Debug|Any CPU.ActiveCfg = Debug|Any CPU
		{75632E90-BBA5-4B12-8F8B-FD9126121B26}.Debug|Any CPU.Build.0 = Debug|Any CPU
		{75632E90-BBA5-4B12-8F8B-FD9126121B26}.Release|Any CPU.ActiveCfg = Release|Any CPU
		{75632E90-BBA5-4B12-8F8B-FD9126121B26}.Release|Any CPU.Build.0 = Release|Any CPU
	EndGlobalSection
	GlobalSection(SolutionProperties) = preSolution
		HideSolutionNode = FALSE
	EndGlobalSection
	GlobalSection(ExtensibilityGlobals) = postSolution
		SolutionGuid = {A7374D95-1548-433D-BFA8-53854D1DBA01}
	EndGlobalSection
EndGlobal
